
Microsoft Visual Studio Solution File, Format Version 12.00
# Visual Studio Version 17
VisualStudioVersion = 17.3.32811.315
MinimumVisualStudioVersion = 10.0.40219.1
Project("{8BC9CEB8-8B4A-11D0-8D11-00A0C91BC942}") = "AvanceProyecto", "AvanceProyecto\AvanceProyecto.vcxproj", "{06EF1BB7-426E-4819-AD42-05F38C3CB3B9}"
EndProject
Global
	GlobalSection(SolutionConfigurationPlatforms) = preSolution
		Debug|x64 = Debug|x64
		Debug|x86 = Debug|x86
		Release|x64 = Release|x64
		Release|x86 = Release|x86
	EndGlobalSection
	GlobalSection(ProjectConfigurationPlatforms) = postSolution
		{06EF1BB7-426E-4819-AD42-05F38C3CB3B9}.Debug|x64.ActiveCfg = Debug|x64
		{06EF1BB7-426E-4819-AD42-05F38C3CB3B9}.Debug|x64.Build.0 = Debug|x64
		{06EF1BB7-426E-4819-AD42-05F38C3CB3B9}.Debug|x86.ActiveCfg = Debug|Win32
		{06EF1BB7-426E-4819-AD42-05F38C3CB3B9}.Debug|x86.Build.0 = Debug|Win32
		{06EF1BB7-426E-4819-AD42-05F38C3CB3B9}.Release|x64.ActiveCfg = Release|x64
		{06EF1BB7-426E-4819-AD42-05F38C3CB3B9}.Release|x64.Build.0 = Release|x64
		{06EF1BB7-426E-4819-AD42-05F38C3CB3B9}.Release|x86.ActiveCfg = Release|Win32
		{06EF1BB7-426E-4819-AD42-05F38C3CB3B9}.Release|x86.Build.0 = Release|Win32
	EndGlobalSection
	GlobalSection(SolutionProperties) = preSolution
		HideSolutionNode = FALSE
	EndGlobalSection
	GlobalSection(ExtensibilityGlobals) = postSolution
		SolutionGuid = {4583F83F-CFA2-40B0-8D09-42C93C9EA9CB}
	EndGlobalSection
EndGlobal
